<?xml version="1.0"?>
<Project ToolsVersion="4.0" xmlns="http://schemas.microsoft.com/developer/msbuild/2003">
	<ItemGroup>
		<ClCompile Include="src\ofApp.cpp">
			<Filter>src</Filter>
		</ClCompile>
		<ClCompile Include="src\main.cpp">
			<Filter>src</Filter>
		</ClCompile>
		<ClCompile Include="src\Cursor.cpp">
			<Filter>src</Filter>
		</ClCompile>
		<ClCompile Include="src\layouts\CameraPanel.cpp">
			<Filter>src\layouts</Filter>
		</ClCompile>
		<ClCompile Include="src\layouts\ColorPicker.cpp">
			<Filter>src\layouts</Filter>
		</ClCompile>
		<ClCompile Include="src\layouts\Tools.cpp">
			<Filter>src\layouts</Filter>
		</ClCompile>
		<ClCompile Include="src\layouts\export\ExportMenu.cpp">
			<Filter>src\layouts\export</Filter>
		</ClCompile>
		<ClCompile Include="src\layouts\export\ImageFormatDropdown.cpp">
			<Filter>src\layouts\export</Filter>
		</ClCompile>
		<ClCompile Include="src\main.cpp">
			<Filter>src</Filter>
		</ClCompile>
		<ClCompile Include="src\ofApp.cpp">
			<Filter>src</Filter>
		</ClCompile>
		<ClCompile Include="src\properties\PropertiesPanel.cpp">
			<Filter>src\properties</Filter>
		</ClCompile>
		<ClCompile Include="src\properties\Property.cpp">
			<Filter>src\properties</Filter>
		</ClCompile>
		<ClCompile Include="src\raycasting\ray.cpp">
			<Filter>src\raycasting</Filter>
		</ClCompile>
		<ClCompile Include="src\scene\WindowCamera.cpp">
			<Filter>src\scene</Filter>
		</ClCompile>
		<ClCompile Include="src\scene\object\object2D\model\MagicSword.cpp">
			<Filter>src\scene\object\object2D\model</Filter>
		</ClCompile>
		<ClCompile Include="src\scene\object\object2D\model\SpaceRocket.cpp">
			<Filter>src\scene\object\object2D\model</Filter>
		</ClCompile>
		<ClCompile Include="src\scene\object\object2D\object2D.cpp">
			<Filter>src\scene\object\object2D</Filter>
		</ClCompile>
		<ClCompile Include="src\scene\object\object2D\primitive\Circle.cpp">
			<Filter>src\scene\object\object2D\primitive</Filter>
		</ClCompile>
		<ClCompile Include="src\scene\object\object2D\primitive\Line.cpp">
			<Filter>src\scene\object\object2D\primitive</Filter>
		</ClCompile>
		<ClCompile Include="src\scene\object\object2D\primitive\Square.cpp">
			<Filter>src\scene\object\object2D\primitive</Filter>
		</ClCompile>
		<ClCompile Include="src\scene\object\object2D\primitive\Star.cpp">
			<Filter>src\scene\object\object2D\primitive</Filter>
		</ClCompile>
		<ClCompile Include="src\scene\object\object2D\primitive\Triangle.cpp">
			<Filter>src\scene\object\object2D\primitive</Filter>
		</ClCompile>
		<ClCompile Include="src\scene\object\object3D\Camera.cpp">
			<Filter>src\scene\object\object3D</Filter>
		</ClCompile>
		<ClCompile Include="src\scene\object\object3D\model\Model3D.cpp">
			<Filter>src\scene\object\object3D\model</Filter>
		</ClCompile>
		<ClCompile Include="src\scene\object\object3D\object3D.cpp">
			<Filter>src\scene\object\object3D</Filter>
		</ClCompile>
		<ClCompile Include="src\scene\object\object3D\primitive\CubicPlanet.cpp">
			<Filter>src\scene\object\object3D\primitive</Filter>
		</ClCompile>
		<ClCompile Include="src\scene\object\object3D\primitive\CylinderPlanet.cpp">
			<Filter>src\scene\object\object3D\primitive</Filter>
		</ClCompile>
		<ClCompile Include="src\scene\object\object3D\primitive\Planet.cpp">
			<Filter>src\scene\object\object3D\primitive</Filter>
		</ClCompile>
		<ClCompile Include="src\scene\object\sceneObject.cpp">
			<Filter>src\scene\object</Filter>
		</ClCompile>
		<ClCompile Include="src\scene\object\sceneObjectFactory.cpp">
			<Filter>src\scene\object</Filter>
		</ClCompile>
		<ClCompile Include="src\scene\scene.cpp">
			<Filter>src\scene</Filter>
		</ClCompile>
		<ClCompile Include="src\scene\scene2D.cpp">
			<Filter>src\scene</Filter>
		</ClCompile>
		<ClCompile Include="src\scene\scene3D.cpp">
			<Filter>src\scene</Filter>
		</ClCompile>
		<ClCompile Include="src\scene\sceneGraph.cpp">
			<Filter>src\scene</Filter>
		</ClCompile>
		<ClCompile Include="src\scene\sceneManager.cpp">
			<Filter>src\scene</Filter>
		</ClCompile>
		<ClCompile Include="src\utils\ImageCapture.cpp">
			<Filter>src\utils</Filter>
		</ClCompile>
		<ClCompile Include="src\utils\ImageImporter.cpp">
			<Filter>src\utils</Filter>
		</ClCompile>
		<ClCompile Include="..\..\addons\ofxAssimpModelLoader\src\ofxAssimpAnimation.cpp">
			<Filter>addons\ofxAssimpModelLoader\src</Filter>
		</ClCompile>
		<ClCompile Include="..\..\addons\ofxAssimpModelLoader\src\ofxAssimpMeshHelper.cpp">
			<Filter>addons\ofxAssimpModelLoader\src</Filter>
		</ClCompile>
		<ClCompile Include="..\..\addons\ofxAssimpModelLoader\src\ofxAssimpModelLoader.cpp">
			<Filter>addons\ofxAssimpModelLoader\src</Filter>
		</ClCompile>
		<ClCompile Include="..\..\addons\ofxAssimpModelLoader\src\ofxAssimpTexture.cpp">
			<Filter>addons\ofxAssimpModelLoader\src</Filter>
		</ClCompile>
		<ClCompile Include="..\..\addons\ofxGui\src\ofxBaseGui.cpp">
			<Filter>addons\ofxGui\src</Filter>
		</ClCompile>
		<ClCompile Include="..\..\addons\ofxGui\src\ofxButton.cpp">
			<Filter>addons\ofxGui\src</Filter>
		</ClCompile>
		<ClCompile Include="..\..\addons\ofxGui\src\ofxColorPicker.cpp">
			<Filter>addons\ofxGui\src</Filter>
		</ClCompile>
		<ClCompile Include="..\..\addons\ofxGui\src\ofxGuiGroup.cpp">
			<Filter>addons\ofxGui\src</Filter>
		</ClCompile>
		<ClCompile Include="..\..\addons\ofxGui\src\ofxInputField.cpp">
			<Filter>addons\ofxGui\src</Filter>
		</ClCompile>
		<ClCompile Include="..\..\addons\ofxGui\src\ofxLabel.cpp">
			<Filter>addons\ofxGui\src</Filter>
		</ClCompile>
		<ClCompile Include="..\..\addons\ofxGui\src\ofxPanel.cpp">
			<Filter>addons\ofxGui\src</Filter>
		</ClCompile>
		<ClCompile Include="..\..\addons\ofxGui\src\ofxSlider.cpp">
			<Filter>addons\ofxGui\src</Filter>
		</ClCompile>
		<ClCompile Include="..\..\addons\ofxGui\src\ofxSliderGroup.cpp">
			<Filter>addons\ofxGui\src</Filter>
		</ClCompile>
		<ClCompile Include="..\..\addons\ofxGui\src\ofxToggle.cpp">
			<Filter>addons\ofxGui\src</Filter>
		</ClCompile>
		<ClCompile Include="..\..\addons\ofxImGui\src\BaseEngine.cpp">
			<Filter>addons\ofxImGui\src</Filter>
		</ClCompile>
		<ClCompile Include="..\..\addons\ofxImGui\src\DefaultTheme.cpp">
			<Filter>addons\ofxImGui\src</Filter>
		</ClCompile>
		<ClCompile Include="..\..\addons\ofxImGui\src\EngineGLFW.cpp">
			<Filter>addons\ofxImGui\src</Filter>
		</ClCompile>
		<ClCompile Include="..\..\addons\ofxImGui\src\EngineOpenFrameworks.cpp">
			<Filter>addons\ofxImGui\src</Filter>
		</ClCompile>
		<ClCompile Include="..\..\addons\ofxImGui\src\EngineOpenGLES.cpp">
			<Filter>addons\ofxImGui\src</Filter>
		</ClCompile>
		<ClCompile Include="..\..\addons\ofxImGui\src\Gui.cpp">
			<Filter>addons\ofxImGui\src</Filter>
		</ClCompile>
		<ClCompile Include="..\..\addons\ofxImGui\src\ImHelpers.cpp">
			<Filter>addons\ofxImGui\src</Filter>
		</ClCompile>
		<ClCompile Include="..\..\addons\ofxImGui\src\ofxImGuiLoggerChannel.cpp">
			<Filter>addons\ofxImGui\src</Filter>
		</ClCompile>
		<ClCompile Include="..\..\addons\ofxImGui\libs\imgui\backends\imgui_impl_glfw.cpp">
			<Filter>addons\ofxImGui\libs\imgui\backends</Filter>
		</ClCompile>
		<ClCompile Include="..\..\addons\ofxImGui\libs\imgui\backends\imgui_impl_glfw_context_support.cpp">
			<Filter>addons\ofxImGui\libs\imgui\backends</Filter>
		</ClCompile>
		<ClCompile Include="..\..\addons\ofxImGui\libs\imgui\backends\imgui_impl_opengl2.cpp">
			<Filter>addons\ofxImGui\libs\imgui\backends</Filter>
		</ClCompile>
		<ClCompile Include="..\..\addons\ofxImGui\libs\imgui\backends\imgui_impl_opengl3.cpp">
			<Filter>addons\ofxImGui\libs\imgui\backends</Filter>
		</ClCompile>
		<ClCompile Include="..\..\addons\ofxImGui\libs\imgui\extras\imgui_stdlib.cpp">
			<Filter>addons\ofxImGui\libs\imgui\extras</Filter>
		</ClCompile>
		<ClCompile Include="..\..\addons\ofxImGui\libs\imgui\src\imgui.cpp">
			<Filter>addons\ofxImGui\libs\imgui\src</Filter>
		</ClCompile>
		<ClCompile Include="..\..\addons\ofxImGui\libs\imgui\src\imgui_demo.cpp">
			<Filter>addons\ofxImGui\libs\imgui\src</Filter>
		</ClCompile>
		<ClCompile Include="..\..\addons\ofxImGui\libs\imgui\src\imgui_draw.cpp">
			<Filter>addons\ofxImGui\libs\imgui\src</Filter>
		</ClCompile>
		<ClCompile Include="..\..\addons\ofxImGui\libs\imgui\src\imgui_tables.cpp">
			<Filter>addons\ofxImGui\libs\imgui\src</Filter>
		</ClCompile>
		<ClCompile Include="..\..\addons\ofxImGui\libs\imgui\src\imgui_widgets.cpp">
			<Filter>addons\ofxImGui\libs\imgui\src</Filter>
		</ClCompile>
		<ClCompile Include="..\..\addons\ofxSvg\src\ofxSvg.cpp">
			<Filter>addons\ofxSvg\src</Filter>
		</ClCompile>
	</ItemGroup>
	<ItemGroup>
		<Filter Include="src">
			<UniqueIdentifier>{d8376475-7454-4a24-b08a-aac121d3ad6f}</UniqueIdentifier>
		</Filter>
		<Filter Include="src\layouts">
			<UniqueIdentifier>{17767252--304-4-44-38-9-8D9-0FA9D1DA8EA3}</UniqueIdentifier>
		</Filter>
		<Filter Include="src\layouts\export">
			<UniqueIdentifier>{C811C4AA--7FA-A-45-86-9-A8C-233FA871A28F}</UniqueIdentifier>
		</Filter>
		<Filter Include="src\properties">
			<UniqueIdentifier>{F156CB20--BF6-D-41-1D-A-4EB-3359DA05CBA7}</UniqueIdentifier>
		</Filter>
		<Filter Include="src\raycasting">
			<UniqueIdentifier>{DA2F0FF9--431-2-48-50-9-53A-554F99D7871B}</UniqueIdentifier>
		</Filter>
		<Filter Include="src\scene">
			<UniqueIdentifier>{A13C3EC1--475-2-4A-62-8-50A-9F15C4E78734}</UniqueIdentifier>
		</Filter>
		<Filter Include="src\scene\object">
			<UniqueIdentifier>{D0863706--C75-A-43-35-8-DED-B54A3D76AF17}</UniqueIdentifier>
		</Filter>
		<Filter Include="src\scene\object\object2D">
			<UniqueIdentifier>{43197CA6--0FA-6-44-67-8-ECE-805E04447D39}</UniqueIdentifier>
		</Filter>
		<Filter Include="src\scene\object\object2D\model">
			<UniqueIdentifier>{419F0D53--98C-B-43-88-9-08A-1D5664699843}</UniqueIdentifier>
		</Filter>
		<Filter Include="src\scene\object\object2D\primitive">
			<UniqueIdentifier>{08583304--48E-B-4E-93-B-6E1-7663BF874AC1}</UniqueIdentifier>
		</Filter>
		<Filter Include="src\scene\object\object3D">
			<UniqueIdentifier>{109904AC--A19-1-42-3E-9-13D-1377F401C317}</UniqueIdentifier>
		</Filter>
		<Filter Include="src\scene\object\object3D\model">
			<UniqueIdentifier>{70082B65--3F5-2-4F-59-B-3DA-99120D72F529}</UniqueIdentifier>
		</Filter>
		<Filter Include="src\scene\object\object3D\primitive">
			<UniqueIdentifier>{7E6363F8--080-F-40-8C-8-A42-0F375383043D}</UniqueIdentifier>
		</Filter>
		<Filter Include="src\utils">
			<UniqueIdentifier>{5EC399B7--330-0-44-74-B-709-90A8A7C5B056}</UniqueIdentifier>
		</Filter>
		<Filter Include="addons">
			<UniqueIdentifier>{A25C4C0B--F0A-7-4A-0C-B-408-91A6F4F5B6FC}</UniqueIdentifier>
		</Filter>
		<Filter Include="addons\ofxAssimpModelLoader">
			<UniqueIdentifier>{4B5D2DD0--7EC-9-4A-F5-A-8EA-0F756DBC971E}</UniqueIdentifier>
		</Filter>
		<Filter Include="addons\ofxAssimpModelLoader\src">
			<UniqueIdentifier>{BD12CBF6--682-F-4C-36-9-C12-B8284E3E24AA}</UniqueIdentifier>
		</Filter>
		<Filter Include="addons\ofxAssimpModelLoader\libs">
			<UniqueIdentifier>{15F1E651--161-C-4B-A6-B-1BC-02B10E5711E3}</UniqueIdentifier>
		</Filter>
		<Filter Include="addons\ofxAssimpModelLoader\libs\assimp">
			<UniqueIdentifier>{559BB8EF--F5C-9-4C-BC-B-2DA-2CD4D2B6BFD0}</UniqueIdentifier>
		</Filter>
		<Filter Include="addons\ofxAssimpModelLoader\libs\assimp\include">
			<UniqueIdentifier>{65AA3B26--F64-7-42-48-9-05A-99BB43B63576}</UniqueIdentifier>
		</Filter>
		<Filter Include="addons\ofxAssimpModelLoader\libs\assimp\include\assimp">
			<UniqueIdentifier>{552CA8FE--2BD-C-4C-3A-9-375-EC5FFE99CFD4}</UniqueIdentifier>
		</Filter>
		<Filter Include="addons\ofxAssimpModelLoader\libs\assimp\include\assimp\Compiler">
			<UniqueIdentifier>{8C4A508D--B14-1-4C-ED-B-B11-388D0BAF6141}</UniqueIdentifier>
		</Filter>
		<Filter Include="addons\ofxAssimpModelLoader\libs\assimp\include\assimp\port">
			<UniqueIdentifier>{AE6F3EE0--A63-8-44-98-9-725-F7B2AD139AA1}</UniqueIdentifier>
		</Filter>
		<Filter Include="addons\ofxAssimpModelLoader\libs\assimp\include\assimp\port\AndroidJNI">
			<UniqueIdentifier>{8617EF40--47B-1-4F-ED-B-0D6-605068F76FB9}</UniqueIdentifier>
		</Filter>
		<Filter Include="addons\ofxGui">
			<UniqueIdentifier>{53BFC075--4C9-2-4F-43-A-CB1-C86ECA672E23}</UniqueIdentifier>
		</Filter>
		<Filter Include="addons\ofxGui\src">
			<UniqueIdentifier>{8846A0CB--EC5-E-48-A1-8-B3B-DA6EC5DFA514}</UniqueIdentifier>
		</Filter>
		<Filter Include="addons\ofxImGui">
			<UniqueIdentifier>{EF4D16B7--D05-2-46-DB-8-9E9-33CB8A5F0B26}</UniqueIdentifier>
		</Filter>
		<Filter Include="addons\ofxImGui\src">
			<UniqueIdentifier>{58EFDE2B--2A2-C-45-4B-9-BB8-5C5351034C15}</UniqueIdentifier>
		</Filter>
		<Filter Include="addons\ofxImGui\libs">
			<UniqueIdentifier>{9FAFE869--530-F-45-6B-A-861-BC983341256F}</UniqueIdentifier>
		</Filter>
		<Filter Include="addons\ofxImGui\libs\imgui">
			<UniqueIdentifier>{2A0EC69B--927-4-47-8C-B-0DE-FEBCB8BA4891}</UniqueIdentifier>
		</Filter>
		<Filter Include="addons\ofxImGui\libs\imgui\backends">
			<UniqueIdentifier>{BD8303A7--259-8-40-E5-B-C98-7A4445C865CA}</UniqueIdentifier>
		</Filter>
		<Filter Include="addons\ofxImGui\libs\imgui\extras">
			<UniqueIdentifier>{CBEBC295--4FF-D-4C-FF-9-CDE-01897C59D848}</UniqueIdentifier>
		</Filter>
		<Filter Include="addons\ofxImGui\libs\imgui\src">
			<UniqueIdentifier>{D502558F--4B4-0-4D-DA-8-75B-602555AC7E5C}</UniqueIdentifier>
		</Filter>
		<Filter Include="addons\ofxSvg">
			<UniqueIdentifier>{015F4C80--1D0-6-45-53-B-551-37A58AF96ED5}</UniqueIdentifier>
		</Filter>
		<Filter Include="addons\ofxSvg\src">
			<UniqueIdentifier>{16094203--A8C-A-45-16-9-233-4532E4666382}</UniqueIdentifier>
		</Filter>
		<Filter Include="addons\ofxSvg\libs">
			<UniqueIdentifier>{738BB27B--39F-5-48-57-9-26F-077FD7F9E4C1}</UniqueIdentifier>
		</Filter>
		<Filter Include="addons\ofxSvg\libs\libxml2">
			<UniqueIdentifier>{3668FD5E--87A-3-46-6D-B-870-C0F768528E14}</UniqueIdentifier>
		</Filter>
		<Filter Include="addons\ofxSvg\libs\libxml2\include">
			<UniqueIdentifier>{6798E92C--ECA-5-4F-5B-B-B10-21824FC0B314}</UniqueIdentifier>
		</Filter>
		<Filter Include="addons\ofxSvg\libs\libxml2\include\libxml">
			<UniqueIdentifier>{A46FB348--815-5-4D-EB-A-FDC-21726B47F989}</UniqueIdentifier>
		</Filter>
		<Filter Include="addons\ofxSvg\libs\svgtiny">
			<UniqueIdentifier>{8337ABFD--F7B-8-4A-B0-9-A38-9A05F356AE67}</UniqueIdentifier>
		</Filter>
		<Filter Include="addons\ofxSvg\libs\svgtiny\include">
			<UniqueIdentifier>{A89851AE--A70-5-41-09-8-E3B-E4B5D27AD295}</UniqueIdentifier>
		</Filter>
	</ItemGroup>
	<ItemGroup>
		<ClInclude Include="src\ofApp.h">
			<Filter>src</Filter>
		</ClInclude>
		<ClInclude Include="src\Cursor.h">
			<Filter>src</Filter>
		</ClInclude>
		<ClInclude Include="src\constants.h">
			<Filter>src</Filter>
		</ClInclude>
		<ClInclude Include="src\layouts\CameraPanel.h">
			<Filter>src\layouts</Filter>
		</ClInclude>
		<ClInclude Include="src\layouts\ColorPicker.h">
			<Filter>src\layouts</Filter>
		</ClInclude>
		<ClInclude Include="src\layouts\Tools.h">
			<Filter>src\layouts</Filter>
		</ClInclude>
		<ClInclude Include="src\layouts\export\ExportMenu.h">
			<Filter>src\layouts\export</Filter>
		</ClInclude>
		<ClInclude Include="src\layouts\export\ImageFormatDropdown.h">
			<Filter>src\layouts\export</Filter>
		</ClInclude>
		<ClInclude Include="src\ofApp.h">
			<Filter>src</Filter>
		</ClInclude>
		<ClInclude Include="src\properties\PropertiesPanel.h">
			<Filter>src\properties</Filter>
		</ClInclude>
		<ClInclude Include="src\properties\Property.h">
			<Filter>src\properties</Filter>
		</ClInclude>
		<ClInclude Include="src\raycasting\ray.h">
			<Filter>src\raycasting</Filter>
		</ClInclude>
		<ClInclude Include="src\scene\WindowCamera.h">
			<Filter>src\scene</Filter>
		</ClInclude>
		<ClInclude Include="src\scene\object\object2D\model\MagicSword.h">
			<Filter>src\scene\object\object2D\model</Filter>
		</ClInclude>
		<ClInclude Include="src\scene\object\object2D\model\SpaceRocket.h">
			<Filter>src\scene\object\object2D\model</Filter>
		</ClInclude>
		<ClInclude Include="src\scene\object\object2D\object2D.h">
			<Filter>src\scene\object\object2D</Filter>
		</ClInclude>
		<ClInclude Include="src\scene\object\object2D\primitive\Circle.h">
			<Filter>src\scene\object\object2D\primitive</Filter>
		</ClInclude>
		<ClInclude Include="src\scene\object\object2D\primitive\Line.h">
			<Filter>src\scene\object\object2D\primitive</Filter>
		</ClInclude>
		<ClInclude Include="src\scene\object\object2D\primitive\Square.h">
			<Filter>src\scene\object\object2D\primitive</Filter>
		</ClInclude>
		<ClInclude Include="src\scene\object\object2D\primitive\Star.h">
			<Filter>src\scene\object\object2D\primitive</Filter>
		</ClInclude>
		<ClInclude Include="src\scene\object\object2D\primitive\Triangle.h">
			<Filter>src\scene\object\object2D\primitive</Filter>
		</ClInclude>
		<ClInclude Include="src\scene\object\object3D\Camera.h">
			<Filter>src\scene\object\object3D</Filter>
		</ClInclude>
		<ClInclude Include="src\scene\object\object3D\model\Model3D.h">
			<Filter>src\scene\object\object3D\model</Filter>
		</ClInclude>
		<ClInclude Include="src\scene\object\object3D\object3D.h">
			<Filter>src\scene\object\object3D</Filter>
		</ClInclude>
		<ClInclude Include="src\scene\object\object3D\primitive\CubicPlanet.h">
			<Filter>src\scene\object\object3D\primitive</Filter>
		</ClInclude>
		<ClInclude Include="src\scene\object\object3D\primitive\CylinderPlanet.h">
			<Filter>src\scene\object\object3D\primitive</Filter>
		</ClInclude>
		<ClInclude Include="src\scene\object\object3D\primitive\Planet.h">
			<Filter>src\scene\object\object3D\primitive</Filter>
		</ClInclude>
		<ClInclude Include="src\scene\object\sceneObject.h">
			<Filter>src\scene\object</Filter>
		</ClInclude>
		<ClInclude Include="src\scene\object\sceneObjectFactory.h">
			<Filter>src\scene\object</Filter>
		</ClInclude>
		<ClInclude Include="src\scene\scene.h">
			<Filter>src\scene</Filter>
		</ClInclude>
		<ClInclude Include="src\scene\scene2D.h">
			<Filter>src\scene</Filter>
		</ClInclude>
		<ClInclude Include="src\scene\scene3D.h">
			<Filter>src\scene</Filter>
		</ClInclude>
		<ClInclude Include="src\scene\sceneGraph.h">
			<Filter>src\scene</Filter>
		</ClInclude>
		<ClInclude Include="src\scene\sceneManager.h">
			<Filter>src\scene</Filter>
		</ClInclude>
		<ClInclude Include="src\utils\ImageCapture.h">
			<Filter>src\utils</Filter>
		</ClInclude>
		<ClInclude Include="src\utils\ImageImporter.h">
			<Filter>src\utils</Filter>
		</ClInclude>
		<ClInclude Include="..\..\addons\ofxAssimpModelLoader\src\ofxAssimpAnimation.h">
			<Filter>addons\ofxAssimpModelLoader\src</Filter>
		</ClInclude>
		<ClInclude Include="..\..\addons\ofxAssimpModelLoader\src\ofxAssimpMeshHelper.h">
			<Filter>addons\ofxAssimpModelLoader\src</Filter>
		</ClInclude>
		<ClInclude Include="..\..\addons\ofxAssimpModelLoader\src\ofxAssimpModelLoader.h">
			<Filter>addons\ofxAssimpModelLoader\src</Filter>
		</ClInclude>
		<ClInclude Include="..\..\addons\ofxAssimpModelLoader\src\ofxAssimpTexture.h">
			<Filter>addons\ofxAssimpModelLoader\src</Filter>
		</ClInclude>
		<ClInclude Include="..\..\addons\ofxAssimpModelLoader\src\ofxAssimpUtils.h">
			<Filter>addons\ofxAssimpModelLoader\src</Filter>
		</ClInclude>
		<ClInclude Include="..\..\addons\ofxAssimpModelLoader\libs\assimp\include\assimp\aabb.h">
			<Filter>addons\ofxAssimpModelLoader\libs\assimp\include\assimp</Filter>
		</ClInclude>
		<ClInclude Include="..\..\addons\ofxAssimpModelLoader\libs\assimp\include\assimp\ai_assert.h">
			<Filter>addons\ofxAssimpModelLoader\libs\assimp\include\assimp</Filter>
		</ClInclude>
		<ClInclude Include="..\..\addons\ofxAssimpModelLoader\libs\assimp\include\assimp\anim.h">
			<Filter>addons\ofxAssimpModelLoader\libs\assimp\include\assimp</Filter>
		</ClInclude>
		<ClInclude Include="..\..\addons\ofxAssimpModelLoader\libs\assimp\include\assimp\Base64.hpp">
			<Filter>addons\ofxAssimpModelLoader\libs\assimp\include\assimp</Filter>
		</ClInclude>
		<ClInclude Include="..\..\addons\ofxAssimpModelLoader\libs\assimp\include\assimp\BaseImporter.h">
			<Filter>addons\ofxAssimpModelLoader\libs\assimp\include\assimp</Filter>
		</ClInclude>
		<ClInclude Include="..\..\addons\ofxAssimpModelLoader\libs\assimp\include\assimp\Bitmap.h">
			<Filter>addons\ofxAssimpModelLoader\libs\assimp\include\assimp</Filter>
		</ClInclude>
		<ClInclude Include="..\..\addons\ofxAssimpModelLoader\libs\assimp\include\assimp\BlobIOSystem.h">
			<Filter>addons\ofxAssimpModelLoader\libs\assimp\include\assimp</Filter>
		</ClInclude>
		<ClInclude Include="..\..\addons\ofxAssimpModelLoader\libs\assimp\include\assimp\ByteSwapper.h">
			<Filter>addons\ofxAssimpModelLoader\libs\assimp\include\assimp</Filter>
		</ClInclude>
		<ClInclude Include="..\..\addons\ofxAssimpModelLoader\libs\assimp\include\assimp\camera.h">
			<Filter>addons\ofxAssimpModelLoader\libs\assimp\include\assimp</Filter>
		</ClInclude>
		<ClInclude Include="..\..\addons\ofxAssimpModelLoader\libs\assimp\include\assimp\cexport.h">
			<Filter>addons\ofxAssimpModelLoader\libs\assimp\include\assimp</Filter>
		</ClInclude>
		<ClInclude Include="..\..\addons\ofxAssimpModelLoader\libs\assimp\include\assimp\cfileio.h">
			<Filter>addons\ofxAssimpModelLoader\libs\assimp\include\assimp</Filter>
		</ClInclude>
		<ClInclude Include="..\..\addons\ofxAssimpModelLoader\libs\assimp\include\assimp\cimport.h">
			<Filter>addons\ofxAssimpModelLoader\libs\assimp\include\assimp</Filter>
		</ClInclude>
		<ClInclude Include="..\..\addons\ofxAssimpModelLoader\libs\assimp\include\assimp\ColladaMetaData.h">
			<Filter>addons\ofxAssimpModelLoader\libs\assimp\include\assimp</Filter>
		</ClInclude>
		<ClInclude Include="..\..\addons\ofxAssimpModelLoader\libs\assimp\include\assimp\color4.h">
			<Filter>addons\ofxAssimpModelLoader\libs\assimp\include\assimp</Filter>
		</ClInclude>
		<ClInclude Include="..\..\addons\ofxAssimpModelLoader\libs\assimp\include\assimp\commonMetaData.h">
			<Filter>addons\ofxAssimpModelLoader\libs\assimp\include\assimp</Filter>
		</ClInclude>
		<ClInclude Include="..\..\addons\ofxAssimpModelLoader\libs\assimp\include\assimp\Compiler\poppack1.h">
			<Filter>addons\ofxAssimpModelLoader\libs\assimp\include\assimp\Compiler</Filter>
		</ClInclude>
		<ClInclude Include="..\..\addons\ofxAssimpModelLoader\libs\assimp\include\assimp\Compiler\pstdint.h">
			<Filter>addons\ofxAssimpModelLoader\libs\assimp\include\assimp\Compiler</Filter>
		</ClInclude>
		<ClInclude Include="..\..\addons\ofxAssimpModelLoader\libs\assimp\include\assimp\Compiler\pushpack1.h">
			<Filter>addons\ofxAssimpModelLoader\libs\assimp\include\assimp\Compiler</Filter>
		</ClInclude>
		<ClInclude Include="..\..\addons\ofxAssimpModelLoader\libs\assimp\include\assimp\config.h">
			<Filter>addons\ofxAssimpModelLoader\libs\assimp\include\assimp</Filter>
		</ClInclude>
		<ClInclude Include="..\..\addons\ofxAssimpModelLoader\libs\assimp\include\assimp\CreateAnimMesh.h">
			<Filter>addons\ofxAssimpModelLoader\libs\assimp\include\assimp</Filter>
		</ClInclude>
		<ClInclude Include="..\..\addons\ofxAssimpModelLoader\libs\assimp\include\assimp\DefaultIOStream.h">
			<Filter>addons\ofxAssimpModelLoader\libs\assimp\include\assimp</Filter>
		</ClInclude>
		<ClInclude Include="..\..\addons\ofxAssimpModelLoader\libs\assimp\include\assimp\DefaultIOSystem.h">
			<Filter>addons\ofxAssimpModelLoader\libs\assimp\include\assimp</Filter>
		</ClInclude>
		<ClInclude Include="..\..\addons\ofxAssimpModelLoader\libs\assimp\include\assimp\DefaultLogger.hpp">
			<Filter>addons\ofxAssimpModelLoader\libs\assimp\include\assimp</Filter>
		</ClInclude>
		<ClInclude Include="..\..\addons\ofxAssimpModelLoader\libs\assimp\include\assimp\defs.h">
			<Filter>addons\ofxAssimpModelLoader\libs\assimp\include\assimp</Filter>
		</ClInclude>
		<ClInclude Include="..\..\addons\ofxAssimpModelLoader\libs\assimp\include\assimp\Exceptional.h">
			<Filter>addons\ofxAssimpModelLoader\libs\assimp\include\assimp</Filter>
		</ClInclude>
		<ClInclude Include="..\..\addons\ofxAssimpModelLoader\libs\assimp\include\assimp\Exporter.hpp">
			<Filter>addons\ofxAssimpModelLoader\libs\assimp\include\assimp</Filter>
		</ClInclude>
		<ClInclude Include="..\..\addons\ofxAssimpModelLoader\libs\assimp\include\assimp\fast_atof.h">
			<Filter>addons\ofxAssimpModelLoader\libs\assimp\include\assimp</Filter>
		</ClInclude>
		<ClInclude Include="..\..\addons\ofxAssimpModelLoader\libs\assimp\include\assimp\GenericProperty.h">
			<Filter>addons\ofxAssimpModelLoader\libs\assimp\include\assimp</Filter>
		</ClInclude>
		<ClInclude Include="..\..\addons\ofxAssimpModelLoader\libs\assimp\include\assimp\GltfMaterial.h">
			<Filter>addons\ofxAssimpModelLoader\libs\assimp\include\assimp</Filter>
		</ClInclude>
		<ClInclude Include="..\..\addons\ofxAssimpModelLoader\libs\assimp\include\assimp\Hash.h">
			<Filter>addons\ofxAssimpModelLoader\libs\assimp\include\assimp</Filter>
		</ClInclude>
		<ClInclude Include="..\..\addons\ofxAssimpModelLoader\libs\assimp\include\assimp\Importer.hpp">
			<Filter>addons\ofxAssimpModelLoader\libs\assimp\include\assimp</Filter>
		</ClInclude>
		<ClInclude Include="..\..\addons\ofxAssimpModelLoader\libs\assimp\include\assimp\importerdesc.h">
			<Filter>addons\ofxAssimpModelLoader\libs\assimp\include\assimp</Filter>
		</ClInclude>
		<ClInclude Include="..\..\addons\ofxAssimpModelLoader\libs\assimp\include\assimp\IOStream.hpp">
			<Filter>addons\ofxAssimpModelLoader\libs\assimp\include\assimp</Filter>
		</ClInclude>
		<ClInclude Include="..\..\addons\ofxAssimpModelLoader\libs\assimp\include\assimp\IOStreamBuffer.h">
			<Filter>addons\ofxAssimpModelLoader\libs\assimp\include\assimp</Filter>
		</ClInclude>
		<ClInclude Include="..\..\addons\ofxAssimpModelLoader\libs\assimp\include\assimp\IOSystem.hpp">
			<Filter>addons\ofxAssimpModelLoader\libs\assimp\include\assimp</Filter>
		</ClInclude>
		<ClInclude Include="..\..\addons\ofxAssimpModelLoader\libs\assimp\include\assimp\light.h">
			<Filter>addons\ofxAssimpModelLoader\libs\assimp\include\assimp</Filter>
		</ClInclude>
		<ClInclude Include="..\..\addons\ofxAssimpModelLoader\libs\assimp\include\assimp\LineSplitter.h">
			<Filter>addons\ofxAssimpModelLoader\libs\assimp\include\assimp</Filter>
		</ClInclude>
		<ClInclude Include="..\..\addons\ofxAssimpModelLoader\libs\assimp\include\assimp\LogAux.h">
			<Filter>addons\ofxAssimpModelLoader\libs\assimp\include\assimp</Filter>
		</ClInclude>
		<ClInclude Include="..\..\addons\ofxAssimpModelLoader\libs\assimp\include\assimp\Logger.hpp">
			<Filter>addons\ofxAssimpModelLoader\libs\assimp\include\assimp</Filter>
		</ClInclude>
		<ClInclude Include="..\..\addons\ofxAssimpModelLoader\libs\assimp\include\assimp\LogStream.hpp">
			<Filter>addons\ofxAssimpModelLoader\libs\assimp\include\assimp</Filter>
		</ClInclude>
		<ClInclude Include="..\..\addons\ofxAssimpModelLoader\libs\assimp\include\assimp\material.h">
			<Filter>addons\ofxAssimpModelLoader\libs\assimp\include\assimp</Filter>
		</ClInclude>
		<ClInclude Include="..\..\addons\ofxAssimpModelLoader\libs\assimp\include\assimp\MathFunctions.h">
			<Filter>addons\ofxAssimpModelLoader\libs\assimp\include\assimp</Filter>
		</ClInclude>
		<ClInclude Include="..\..\addons\ofxAssimpModelLoader\libs\assimp\include\assimp\matrix3x3.h">
			<Filter>addons\ofxAssimpModelLoader\libs\assimp\include\assimp</Filter>
		</ClInclude>
		<ClInclude Include="..\..\addons\ofxAssimpModelLoader\libs\assimp\include\assimp\matrix4x4.h">
			<Filter>addons\ofxAssimpModelLoader\libs\assimp\include\assimp</Filter>
		</ClInclude>
		<ClInclude Include="..\..\addons\ofxAssimpModelLoader\libs\assimp\include\assimp\MemoryIOWrapper.h">
			<Filter>addons\ofxAssimpModelLoader\libs\assimp\include\assimp</Filter>
		</ClInclude>
		<ClInclude Include="..\..\addons\ofxAssimpModelLoader\libs\assimp\include\assimp\mesh.h">
			<Filter>addons\ofxAssimpModelLoader\libs\assimp\include\assimp</Filter>
		</ClInclude>
		<ClInclude Include="..\..\addons\ofxAssimpModelLoader\libs\assimp\include\assimp\metadata.h">
			<Filter>addons\ofxAssimpModelLoader\libs\assimp\include\assimp</Filter>
		</ClInclude>
		<ClInclude Include="..\..\addons\ofxAssimpModelLoader\libs\assimp\include\assimp\NullLogger.hpp">
			<Filter>addons\ofxAssimpModelLoader\libs\assimp\include\assimp</Filter>
		</ClInclude>
		<ClInclude Include="..\..\addons\ofxAssimpModelLoader\libs\assimp\include\assimp\ObjMaterial.h">
			<Filter>addons\ofxAssimpModelLoader\libs\assimp\include\assimp</Filter>
		</ClInclude>
		<ClInclude Include="..\..\addons\ofxAssimpModelLoader\libs\assimp\include\assimp\ParsingUtils.h">
			<Filter>addons\ofxAssimpModelLoader\libs\assimp\include\assimp</Filter>
		</ClInclude>
		<ClInclude Include="..\..\addons\ofxAssimpModelLoader\libs\assimp\include\assimp\pbrmaterial.h">
			<Filter>addons\ofxAssimpModelLoader\libs\assimp\include\assimp</Filter>
		</ClInclude>
		<ClInclude Include="..\..\addons\ofxAssimpModelLoader\libs\assimp\include\assimp\port\AndroidJNI\AndroidJNIIOSystem.h">
			<Filter>addons\ofxAssimpModelLoader\libs\assimp\include\assimp\port\AndroidJNI</Filter>
		</ClInclude>
		<ClInclude Include="..\..\addons\ofxAssimpModelLoader\libs\assimp\include\assimp\port\AndroidJNI\BundledAssetIOSystem.h">
			<Filter>addons\ofxAssimpModelLoader\libs\assimp\include\assimp\port\AndroidJNI</Filter>
		</ClInclude>
		<ClInclude Include="..\..\addons\ofxAssimpModelLoader\libs\assimp\include\assimp\postprocess.h">
			<Filter>addons\ofxAssimpModelLoader\libs\assimp\include\assimp</Filter>
		</ClInclude>
		<ClInclude Include="..\..\addons\ofxAssimpModelLoader\libs\assimp\include\assimp\Profiler.h">
			<Filter>addons\ofxAssimpModelLoader\libs\assimp\include\assimp</Filter>
		</ClInclude>
		<ClInclude Include="..\..\addons\ofxAssimpModelLoader\libs\assimp\include\assimp\ProgressHandler.hpp">
			<Filter>addons\ofxAssimpModelLoader\libs\assimp\include\assimp</Filter>
		</ClInclude>
		<ClInclude Include="..\..\addons\ofxAssimpModelLoader\libs\assimp\include\assimp\qnan.h">
			<Filter>addons\ofxAssimpModelLoader\libs\assimp\include\assimp</Filter>
		</ClInclude>
		<ClInclude Include="..\..\addons\ofxAssimpModelLoader\libs\assimp\include\assimp\quaternion.h">
			<Filter>addons\ofxAssimpModelLoader\libs\assimp\include\assimp</Filter>
		</ClInclude>
		<ClInclude Include="..\..\addons\ofxAssimpModelLoader\libs\assimp\include\assimp\RemoveComments.h">
			<Filter>addons\ofxAssimpModelLoader\libs\assimp\include\assimp</Filter>
		</ClInclude>
		<ClInclude Include="..\..\addons\ofxAssimpModelLoader\libs\assimp\include\assimp\scene.h">
			<Filter>addons\ofxAssimpModelLoader\libs\assimp\include\assimp</Filter>
		</ClInclude>
		<ClInclude Include="..\..\addons\ofxAssimpModelLoader\libs\assimp\include\assimp\SceneCombiner.h">
			<Filter>addons\ofxAssimpModelLoader\libs\assimp\include\assimp</Filter>
		</ClInclude>
		<ClInclude Include="..\..\addons\ofxAssimpModelLoader\libs\assimp\include\assimp\SGSpatialSort.h">
			<Filter>addons\ofxAssimpModelLoader\libs\assimp\include\assimp</Filter>
		</ClInclude>
		<ClInclude Include="..\..\addons\ofxAssimpModelLoader\libs\assimp\include\assimp\SkeletonMeshBuilder.h">
			<Filter>addons\ofxAssimpModelLoader\libs\assimp\include\assimp</Filter>
		</ClInclude>
		<ClInclude Include="..\..\addons\ofxAssimpModelLoader\libs\assimp\include\assimp\SmallVector.h">
			<Filter>addons\ofxAssimpModelLoader\libs\assimp\include\assimp</Filter>
		</ClInclude>
		<ClInclude Include="..\..\addons\ofxAssimpModelLoader\libs\assimp\include\assimp\SmoothingGroups.h">
			<Filter>addons\ofxAssimpModelLoader\libs\assimp\include\assimp</Filter>
		</ClInclude>
		<ClInclude Include="..\..\addons\ofxAssimpModelLoader\libs\assimp\include\assimp\SpatialSort.h">
			<Filter>addons\ofxAssimpModelLoader\libs\assimp\include\assimp</Filter>
		</ClInclude>
		<ClInclude Include="..\..\addons\ofxAssimpModelLoader\libs\assimp\include\assimp\StandardShapes.h">
			<Filter>addons\ofxAssimpModelLoader\libs\assimp\include\assimp</Filter>
		</ClInclude>
		<ClInclude Include="..\..\addons\ofxAssimpModelLoader\libs\assimp\include\assimp\StreamReader.h">
			<Filter>addons\ofxAssimpModelLoader\libs\assimp\include\assimp</Filter>
		</ClInclude>
		<ClInclude Include="..\..\addons\ofxAssimpModelLoader\libs\assimp\include\assimp\StreamWriter.h">
			<Filter>addons\ofxAssimpModelLoader\libs\assimp\include\assimp</Filter>
		</ClInclude>
		<ClInclude Include="..\..\addons\ofxAssimpModelLoader\libs\assimp\include\assimp\StringComparison.h">
			<Filter>addons\ofxAssimpModelLoader\libs\assimp\include\assimp</Filter>
		</ClInclude>
		<ClInclude Include="..\..\addons\ofxAssimpModelLoader\libs\assimp\include\assimp\StringUtils.h">
			<Filter>addons\ofxAssimpModelLoader\libs\assimp\include\assimp</Filter>
		</ClInclude>
		<ClInclude Include="..\..\addons\ofxAssimpModelLoader\libs\assimp\include\assimp\Subdivision.h">
			<Filter>addons\ofxAssimpModelLoader\libs\assimp\include\assimp</Filter>
		</ClInclude>
		<ClInclude Include="..\..\addons\ofxAssimpModelLoader\libs\assimp\include\assimp\texture.h">
			<Filter>addons\ofxAssimpModelLoader\libs\assimp\include\assimp</Filter>
		</ClInclude>
		<ClInclude Include="..\..\addons\ofxAssimpModelLoader\libs\assimp\include\assimp\TinyFormatter.h">
			<Filter>addons\ofxAssimpModelLoader\libs\assimp\include\assimp</Filter>
		</ClInclude>
		<ClInclude Include="..\..\addons\ofxAssimpModelLoader\libs\assimp\include\assimp\types.h">
			<Filter>addons\ofxAssimpModelLoader\libs\assimp\include\assimp</Filter>
		</ClInclude>
		<ClInclude Include="..\..\addons\ofxAssimpModelLoader\libs\assimp\include\assimp\vector2.h">
			<Filter>addons\ofxAssimpModelLoader\libs\assimp\include\assimp</Filter>
		</ClInclude>
		<ClInclude Include="..\..\addons\ofxAssimpModelLoader\libs\assimp\include\assimp\vector3.h">
			<Filter>addons\ofxAssimpModelLoader\libs\assimp\include\assimp</Filter>
		</ClInclude>
		<ClInclude Include="..\..\addons\ofxAssimpModelLoader\libs\assimp\include\assimp\version.h">
			<Filter>addons\ofxAssimpModelLoader\libs\assimp\include\assimp</Filter>
		</ClInclude>
		<ClInclude Include="..\..\addons\ofxAssimpModelLoader\libs\assimp\include\assimp\Vertex.h">
			<Filter>addons\ofxAssimpModelLoader\libs\assimp\include\assimp</Filter>
		</ClInclude>
		<ClInclude Include="..\..\addons\ofxAssimpModelLoader\libs\assimp\include\assimp\XmlParser.h">
			<Filter>addons\ofxAssimpModelLoader\libs\assimp\include\assimp</Filter>
		</ClInclude>
		<ClInclude Include="..\..\addons\ofxAssimpModelLoader\libs\assimp\include\assimp\XMLTools.h">
			<Filter>addons\ofxAssimpModelLoader\libs\assimp\include\assimp</Filter>
		</ClInclude>
		<ClInclude Include="..\..\addons\ofxAssimpModelLoader\libs\assimp\include\assimp\ZipArchiveIOSystem.h">
			<Filter>addons\ofxAssimpModelLoader\libs\assimp\include\assimp</Filter>
		</ClInclude>
		<ClInclude Include="..\..\addons\ofxGui\src\ofxBaseGui.h">
			<Filter>addons\ofxGui\src</Filter>
		</ClInclude>
		<ClInclude Include="..\..\addons\ofxGui\src\ofxButton.h">
			<Filter>addons\ofxGui\src</Filter>
		</ClInclude>
		<ClInclude Include="..\..\addons\ofxGui\src\ofxColorPicker.h">
			<Filter>addons\ofxGui\src</Filter>
		</ClInclude>
		<ClInclude Include="..\..\addons\ofxGui\src\ofxGui.h">
			<Filter>addons\ofxGui\src</Filter>
		</ClInclude>
		<ClInclude Include="..\..\addons\ofxGui\src\ofxGuiGroup.h">
			<Filter>addons\ofxGui\src</Filter>
		</ClInclude>
		<ClInclude Include="..\..\addons\ofxGui\src\ofxGuiUtils.h">
			<Filter>addons\ofxGui\src</Filter>
		</ClInclude>
		<ClInclude Include="..\..\addons\ofxGui\src\ofxInputField.h">
			<Filter>addons\ofxGui\src</Filter>
		</ClInclude>
		<ClInclude Include="..\..\addons\ofxGui\src\ofxLabel.h">
			<Filter>addons\ofxGui\src</Filter>
		</ClInclude>
		<ClInclude Include="..\..\addons\ofxGui\src\ofxPanel.h">
			<Filter>addons\ofxGui\src</Filter>
		</ClInclude>
		<ClInclude Include="..\..\addons\ofxGui\src\ofxSlider.h">
			<Filter>addons\ofxGui\src</Filter>
		</ClInclude>
		<ClInclude Include="..\..\addons\ofxGui\src\ofxSliderGroup.h">
			<Filter>addons\ofxGui\src</Filter>
		</ClInclude>
		<ClInclude Include="..\..\addons\ofxGui\src\ofxToggle.h">
			<Filter>addons\ofxGui\src</Filter>
		</ClInclude>
		<ClInclude Include="..\..\addons\ofxImGui\src\BaseEngine.h">
			<Filter>addons\ofxImGui\src</Filter>
		</ClInclude>
		<ClInclude Include="..\..\addons\ofxImGui\src\BaseTheme.h">
			<Filter>addons\ofxImGui\src</Filter>
		</ClInclude>
		<ClInclude Include="..\..\addons\ofxImGui\src\DefaultTheme.h">
			<Filter>addons\ofxImGui\src</Filter>
		</ClInclude>
		<ClInclude Include="..\..\addons\ofxImGui\src\EngineGLFW.h">
			<Filter>addons\ofxImGui\src</Filter>
		</ClInclude>
		<ClInclude Include="..\..\addons\ofxImGui\src\EngineOpenFrameworks.h">
			<Filter>addons\ofxImGui\src</Filter>
		</ClInclude>
		<ClInclude Include="..\..\addons\ofxImGui\src\EngineOpenGLES.h">
			<Filter>addons\ofxImGui\src</Filter>
		</ClInclude>
		<ClInclude Include="..\..\addons\ofxImGui\src\EngineVk.h">
			<Filter>addons\ofxImGui\src</Filter>
		</ClInclude>
		<ClInclude Include="..\..\addons\ofxImGui\src\gles1CompatibilityHacks.h">
			<Filter>addons\ofxImGui\src</Filter>
		</ClInclude>
		<ClInclude Include="..\..\addons\ofxImGui\src\glfwCompatibilityHacks.h">
			<Filter>addons\ofxImGui\src</Filter>
		</ClInclude>
		<ClInclude Include="..\..\addons\ofxImGui\src\Gui.h">
			<Filter>addons\ofxImGui\src</Filter>
		</ClInclude>
		<ClInclude Include="..\..\addons\ofxImGui\src\imconfig.h">
			<Filter>addons\ofxImGui\src</Filter>
		</ClInclude>
		<ClInclude Include="..\..\addons\ofxImGui\src\ImHelpers.h">
			<Filter>addons\ofxImGui\src</Filter>
		</ClInclude>
		<ClInclude Include="..\..\addons\ofxImGui\src\LinkedList.hpp">
			<Filter>addons\ofxImGui\src</Filter>
		</ClInclude>
		<ClInclude Include="..\..\addons\ofxImGui\src\ofxImGui.h">
			<Filter>addons\ofxImGui\src</Filter>
		</ClInclude>
		<ClInclude Include="..\..\addons\ofxImGui\src\ofxImGuiConstants.h">
			<Filter>addons\ofxImGui\src</Filter>
		</ClInclude>
		<ClInclude Include="..\..\addons\ofxImGui\src\ofxImGuiLoggerChannel.h">
			<Filter>addons\ofxImGui\src</Filter>
		</ClInclude>
		<ClInclude Include="..\..\addons\ofxImGui\libs\imgui\backends\imgui_impl_glfw.h">
			<Filter>addons\ofxImGui\libs\imgui\backends</Filter>
		</ClInclude>
		<ClInclude Include="..\..\addons\ofxImGui\libs\imgui\backends\imgui_impl_glfw_context_support.h">
			<Filter>addons\ofxImGui\libs\imgui\backends</Filter>
		</ClInclude>
		<ClInclude Include="..\..\addons\ofxImGui\libs\imgui\backends\imgui_impl_opengl2.h">
			<Filter>addons\ofxImGui\libs\imgui\backends</Filter>
		</ClInclude>
		<ClInclude Include="..\..\addons\ofxImGui\libs\imgui\backends\imgui_impl_opengl3.h">
			<Filter>addons\ofxImGui\libs\imgui\backends</Filter>
		</ClInclude>
		<ClInclude Include="..\..\addons\ofxImGui\libs\imgui\backends\imgui_impl_opengl3_loader.h">
			<Filter>addons\ofxImGui\libs\imgui\backends</Filter>
		</ClInclude>
		<ClInclude Include="..\..\addons\ofxImGui\libs\imgui\extras\imgui_stdlib.h">
			<Filter>addons\ofxImGui\libs\imgui\extras</Filter>
		</ClInclude>
		<ClInclude Include="..\..\addons\ofxImGui\libs\imgui\src\imgui.h">
			<Filter>addons\ofxImGui\libs\imgui\src</Filter>
		</ClInclude>
		<ClInclude Include="..\..\addons\ofxImGui\libs\imgui\src\imgui_internal.h">
			<Filter>addons\ofxImGui\libs\imgui\src</Filter>
		</ClInclude>
		<ClInclude Include="..\..\addons\ofxImGui\libs\imgui\src\imstb_rectpack.h">
			<Filter>addons\ofxImGui\libs\imgui\src</Filter>
		</ClInclude>
		<ClInclude Include="..\..\addons\ofxImGui\libs\imgui\src\imstb_textedit.h">
			<Filter>addons\ofxImGui\libs\imgui\src</Filter>
		</ClInclude>
		<ClInclude Include="..\..\addons\ofxImGui\libs\imgui\src\imstb_truetype.h">
			<Filter>addons\ofxImGui\libs\imgui\src</Filter>
		</ClInclude>
		<ClInclude Include="..\..\addons\ofxSvg\src\ofxSvg.h">
			<Filter>addons\ofxSvg\src</Filter>
		</ClInclude>
		<ClInclude Include="..\..\addons\ofxSvg\libs\libxml2\include\libxml\c14n.h">
			<Filter>addons\ofxSvg\libs\libxml2\include\libxml</Filter>
		</ClInclude>
		<ClInclude Include="..\..\addons\ofxSvg\libs\libxml2\include\libxml\catalog.h">
			<Filter>addons\ofxSvg\libs\libxml2\include\libxml</Filter>
		</ClInclude>
		<ClInclude Include="..\..\addons\ofxSvg\libs\libxml2\include\libxml\chvalid.h">
			<Filter>addons\ofxSvg\libs\libxml2\include\libxml</Filter>
		</ClInclude>
		<ClInclude Include="..\..\addons\ofxSvg\libs\libxml2\include\libxml\debugXML.h">
			<Filter>addons\ofxSvg\libs\libxml2\include\libxml</Filter>
		</ClInclude>
		<ClInclude Include="..\..\addons\ofxSvg\libs\libxml2\include\libxml\dict.h">
			<Filter>addons\ofxSvg\libs\libxml2\include\libxml</Filter>
		</ClInclude>
		<ClInclude Include="..\..\addons\ofxSvg\libs\libxml2\include\libxml\DOCBparser.h">
			<Filter>addons\ofxSvg\libs\libxml2\include\libxml</Filter>
		</ClInclude>
		<ClInclude Include="..\..\addons\ofxSvg\libs\libxml2\include\libxml\encoding.h">
			<Filter>addons\ofxSvg\libs\libxml2\include\libxml</Filter>
		</ClInclude>
		<ClInclude Include="..\..\addons\ofxSvg\libs\libxml2\include\libxml\entities.h">
			<Filter>addons\ofxSvg\libs\libxml2\include\libxml</Filter>
		</ClInclude>
		<ClInclude Include="..\..\addons\ofxSvg\libs\libxml2\include\libxml\globals.h">
			<Filter>addons\ofxSvg\libs\libxml2\include\libxml</Filter>
		</ClInclude>
		<ClInclude Include="..\..\addons\ofxSvg\libs\libxml2\include\libxml\hash.h">
			<Filter>addons\ofxSvg\libs\libxml2\include\libxml</Filter>
		</ClInclude>
		<ClInclude Include="..\..\addons\ofxSvg\libs\libxml2\include\libxml\HTMLparser.h">
			<Filter>addons\ofxSvg\libs\libxml2\include\libxml</Filter>
		</ClInclude>
		<ClInclude Include="..\..\addons\ofxSvg\libs\libxml2\include\libxml\HTMLtree.h">
			<Filter>addons\ofxSvg\libs\libxml2\include\libxml</Filter>
		</ClInclude>
		<ClInclude Include="..\..\addons\ofxSvg\libs\libxml2\include\libxml\list.h">
			<Filter>addons\ofxSvg\libs\libxml2\include\libxml</Filter>
		</ClInclude>
		<ClInclude Include="..\..\addons\ofxSvg\libs\libxml2\include\libxml\nanoftp.h">
			<Filter>addons\ofxSvg\libs\libxml2\include\libxml</Filter>
		</ClInclude>
		<ClInclude Include="..\..\addons\ofxSvg\libs\libxml2\include\libxml\nanohttp.h">
			<Filter>addons\ofxSvg\libs\libxml2\include\libxml</Filter>
		</ClInclude>
		<ClInclude Include="..\..\addons\ofxSvg\libs\libxml2\include\libxml\parser.h">
			<Filter>addons\ofxSvg\libs\libxml2\include\libxml</Filter>
		</ClInclude>
		<ClInclude Include="..\..\addons\ofxSvg\libs\libxml2\include\libxml\parserInternals.h">
			<Filter>addons\ofxSvg\libs\libxml2\include\libxml</Filter>
		</ClInclude>
		<ClInclude Include="..\..\addons\ofxSvg\libs\libxml2\include\libxml\pattern.h">
			<Filter>addons\ofxSvg\libs\libxml2\include\libxml</Filter>
		</ClInclude>
		<ClInclude Include="..\..\addons\ofxSvg\libs\libxml2\include\libxml\relaxng.h">
			<Filter>addons\ofxSvg\libs\libxml2\include\libxml</Filter>
		</ClInclude>
		<ClInclude Include="..\..\addons\ofxSvg\libs\libxml2\include\libxml\SAX.h">
			<Filter>addons\ofxSvg\libs\libxml2\include\libxml</Filter>
		</ClInclude>
		<ClInclude Include="..\..\addons\ofxSvg\libs\libxml2\include\libxml\SAX2.h">
			<Filter>addons\ofxSvg\libs\libxml2\include\libxml</Filter>
		</ClInclude>
		<ClInclude Include="..\..\addons\ofxSvg\libs\libxml2\include\libxml\schemasInternals.h">
			<Filter>addons\ofxSvg\libs\libxml2\include\libxml</Filter>
		</ClInclude>
		<ClInclude Include="..\..\addons\ofxSvg\libs\libxml2\include\libxml\schematron.h">
			<Filter>addons\ofxSvg\libs\libxml2\include\libxml</Filter>
		</ClInclude>
		<ClInclude Include="..\..\addons\ofxSvg\libs\libxml2\include\libxml\threads.h">
			<Filter>addons\ofxSvg\libs\libxml2\include\libxml</Filter>
		</ClInclude>
		<ClInclude Include="..\..\addons\ofxSvg\libs\libxml2\include\libxml\tree.h">
			<Filter>addons\ofxSvg\libs\libxml2\include\libxml</Filter>
		</ClInclude>
		<ClInclude Include="..\..\addons\ofxSvg\libs\libxml2\include\libxml\uri.h">
			<Filter>addons\ofxSvg\libs\libxml2\include\libxml</Filter>
		</ClInclude>
		<ClInclude Include="..\..\addons\ofxSvg\libs\libxml2\include\libxml\valid.h">
			<Filter>addons\ofxSvg\libs\libxml2\include\libxml</Filter>
		</ClInclude>
		<ClInclude Include="..\..\addons\ofxSvg\libs\libxml2\include\libxml\xinclude.h">
			<Filter>addons\ofxSvg\libs\libxml2\include\libxml</Filter>
		</ClInclude>
		<ClInclude Include="..\..\addons\ofxSvg\libs\libxml2\include\libxml\xlink.h">
			<Filter>addons\ofxSvg\libs\libxml2\include\libxml</Filter>
		</ClInclude>
		<ClInclude Include="..\..\addons\ofxSvg\libs\libxml2\include\libxml\xmlautomata.h">
			<Filter>addons\ofxSvg\libs\libxml2\include\libxml</Filter>
		</ClInclude>
		<ClInclude Include="..\..\addons\ofxSvg\libs\libxml2\include\libxml\xmlerror.h">
			<Filter>addons\ofxSvg\libs\libxml2\include\libxml</Filter>
		</ClInclude>
		<ClInclude Include="..\..\addons\ofxSvg\libs\libxml2\include\libxml\xmlexports.h">
			<Filter>addons\ofxSvg\libs\libxml2\include\libxml</Filter>
		</ClInclude>
		<ClInclude Include="..\..\addons\ofxSvg\libs\libxml2\include\libxml\xmlIO.h">
			<Filter>addons\ofxSvg\libs\libxml2\include\libxml</Filter>
		</ClInclude>
		<ClInclude Include="..\..\addons\ofxSvg\libs\libxml2\include\libxml\xmlmemory.h">
			<Filter>addons\ofxSvg\libs\libxml2\include\libxml</Filter>
		</ClInclude>
		<ClInclude Include="..\..\addons\ofxSvg\libs\libxml2\include\libxml\xmlmodule.h">
			<Filter>addons\ofxSvg\libs\libxml2\include\libxml</Filter>
		</ClInclude>
		<ClInclude Include="..\..\addons\ofxSvg\libs\libxml2\include\libxml\xmlreader.h">
			<Filter>addons\ofxSvg\libs\libxml2\include\libxml</Filter>
		</ClInclude>
		<ClInclude Include="..\..\addons\ofxSvg\libs\libxml2\include\libxml\xmlregexp.h">
			<Filter>addons\ofxSvg\libs\libxml2\include\libxml</Filter>
		</ClInclude>
		<ClInclude Include="..\..\addons\ofxSvg\libs\libxml2\include\libxml\xmlsave.h">
			<Filter>addons\ofxSvg\libs\libxml2\include\libxml</Filter>
		</ClInclude>
		<ClInclude Include="..\..\addons\ofxSvg\libs\libxml2\include\libxml\xmlschemas.h">
			<Filter>addons\ofxSvg\libs\libxml2\include\libxml</Filter>
		</ClInclude>
		<ClInclude Include="..\..\addons\ofxSvg\libs\libxml2\include\libxml\xmlschemastypes.h">
			<Filter>addons\ofxSvg\libs\libxml2\include\libxml</Filter>
		</ClInclude>
		<ClInclude Include="..\..\addons\ofxSvg\libs\libxml2\include\libxml\xmlstring.h">
			<Filter>addons\ofxSvg\libs\libxml2\include\libxml</Filter>
		</ClInclude>
		<ClInclude Include="..\..\addons\ofxSvg\libs\libxml2\include\libxml\xmlunicode.h">
			<Filter>addons\ofxSvg\libs\libxml2\include\libxml</Filter>
		</ClInclude>
		<ClInclude Include="..\..\addons\ofxSvg\libs\libxml2\include\libxml\xmlversion.h">
			<Filter>addons\ofxSvg\libs\libxml2\include\libxml</Filter>
		</ClInclude>
		<ClInclude Include="..\..\addons\ofxSvg\libs\libxml2\include\libxml\xmlwriter.h">
			<Filter>addons\ofxSvg\libs\libxml2\include\libxml</Filter>
		</ClInclude>
		<ClInclude Include="..\..\addons\ofxSvg\libs\libxml2\include\libxml\xpath.h">
			<Filter>addons\ofxSvg\libs\libxml2\include\libxml</Filter>
		</ClInclude>
		<ClInclude Include="..\..\addons\ofxSvg\libs\libxml2\include\libxml\xpathInternals.h">
			<Filter>addons\ofxSvg\libs\libxml2\include\libxml</Filter>
		</ClInclude>
		<ClInclude Include="..\..\addons\ofxSvg\libs\libxml2\include\libxml\xpointer.h">
			<Filter>addons\ofxSvg\libs\libxml2\include\libxml</Filter>
		</ClInclude>
		<ClInclude Include="..\..\addons\ofxSvg\libs\svgtiny\include\svgtiny.h">
			<Filter>addons\ofxSvg\libs\svgtiny\include</Filter>
		</ClInclude>
	</ItemGroup>
	<ItemGroup>
		<ResourceCompile Include="icon.rc" />
	</ItemGroup>
</Project>
